
Microsoft Visual Studio Solution File, Format Version 12.00
Project("{FAE04EC0-301F-11D3-BF4B-00C04F79EFBC}") = "oliverTK", "oliverTK\oliverTK.csproj", "{7897C4D6-0C61-473C-BB98-CF355C763335}"
EndProject
Project("{2150E333-8FDC-42A3-9474-1A3956D46DE8}") = "SourceControl", "SourceControl", "{1E040B4B-9EF8-45F3-B98F-0CBA16584C31}"
ProjectSection(SolutionItems) = preProject
	.gitignore = .gitignore
EndProjectSection
EndProject
Project("{FAE04EC0-301F-11D3-BF4B-00C04F79EFBC}") = "snake", "snake\snake.csproj", "{E4EECF5C-4E8D-4876-9569-DD50D136DFAE}"
EndProject
Global
	GlobalSection(SolutionConfigurationPlatforms) = preSolution
		Debug|Any CPU = Debug|Any CPU
		Release|Any CPU = Release|Any CPU
	EndGlobalSection
	GlobalSection(ProjectConfigurationPlatforms) = postSolution
		{7897C4D6-0C61-473C-BB98-CF355C763335}.Debug|Any CPU.ActiveCfg = Debug|Any CPU
		{7897C4D6-0C61-473C-BB98-CF355C763335}.Debug|Any CPU.Build.0 = Debug|Any CPU
		{7897C4D6-0C61-473C-BB98-CF355C763335}.Release|Any CPU.ActiveCfg = Release|Any CPU
		{7897C4D6-0C61-473C-BB98-CF355C763335}.Release|Any CPU.Build.0 = Release|Any CPU
		{E4EECF5C-4E8D-4876-9569-DD50D136DFAE}.Debug|Any CPU.ActiveCfg = Debug|Any CPU
		{E4EECF5C-4E8D-4876-9569-DD50D136DFAE}.Debug|Any CPU.Build.0 = Debug|Any CPU
		{E4EECF5C-4E8D-4876-9569-DD50D136DFAE}.Release|Any CPU.ActiveCfg = Release|Any CPU
		{E4EECF5C-4E8D-4876-9569-DD50D136DFAE}.Release|Any CPU.Build.0 = Release|Any CPU
	EndGlobalSection
EndGlobal
